// !$*UTF8*$!
{
	archiveVersion = 1;
	classes = {
	};
	objectVersion = 56;
	objects = {

/* Begin PBXBuildFile section */
		24FB467865FDDAB0FED553B8 /* Pods_RedditListings.framework in Frameworks */ = {isa = PBXBuildFile; fileRef = 7AA83E6BF272435E433A07FA /* Pods_RedditListings.framework */; };
		A7901ED029A90987003565A0 /* PageService.swift in Sources */ = {isa = PBXBuildFile; fileRef = A7901ECF29A90987003565A0 /* PageService.swift */; };
		A7901ED229A91169003565A0 /* Item.swift in Sources */ = {isa = PBXBuildFile; fileRef = A7901ED129A91169003565A0 /* Item.swift */; };
		A7901ED429A959FC003565A0 /* ListingDetailHeaderCell.swift in Sources */ = {isa = PBXBuildFile; fileRef = A7901ED329A959FC003565A0 /* ListingDetailHeaderCell.swift */; };
		A79D813729A66FA7001A8CAF /* AppDelegate.swift in Sources */ = {isa = PBXBuildFile; fileRef = A79D813629A66FA7001A8CAF /* AppDelegate.swift */; };
		A79D813929A66FA7001A8CAF /* SceneDelegate.swift in Sources */ = {isa = PBXBuildFile; fileRef = A79D813829A66FA7001A8CAF /* SceneDelegate.swift */; };
		A79D814029A66FA9001A8CAF /* Assets.xcassets in Resources */ = {isa = PBXBuildFile; fileRef = A79D813F29A66FA9001A8CAF /* Assets.xcassets */; };
		A79D814329A66FA9001A8CAF /* LaunchScreen.storyboard in Resources */ = {isa = PBXBuildFile; fileRef = A79D814129A66FA9001A8CAF /* LaunchScreen.storyboard */; };
		A79D815329A674F0001A8CAF /* ListingsViewController.swift in Sources */ = {isa = PBXBuildFile; fileRef = A79D815229A674F0001A8CAF /* ListingsViewController.swift */; };
		A79D815629A67527001A8CAF /* StringConstants.swift in Sources */ = {isa = PBXBuildFile; fileRef = A79D815529A67527001A8CAF /* StringConstants.swift */; };
		A79D815929A676AB001A8CAF /* ListingsViewModel.swift in Sources */ = {isa = PBXBuildFile; fileRef = A79D815829A676AB001A8CAF /* ListingsViewModel.swift */; };
		A79D816129A67A32001A8CAF /* ListingCell.swift in Sources */ = {isa = PBXBuildFile; fileRef = A79D816029A67A32001A8CAF /* ListingCell.swift */; };
		A79D816329A67A4F001A8CAF /* CellConfiguring.swift in Sources */ = {isa = PBXBuildFile; fileRef = A79D816229A67A4F001A8CAF /* CellConfiguring.swift */; };
		A79D816529A67B3F001A8CAF /* Listing.swift in Sources */ = {isa = PBXBuildFile; fileRef = A79D816429A67B3F001A8CAF /* Listing.swift */; };
		A79D816829A67CD8001A8CAF /* AppConfig.swift in Sources */ = {isa = PBXBuildFile; fileRef = A79D816729A67CD8001A8CAF /* AppConfig.swift */; };
		A79D816B29A67D56001A8CAF /* Logging.swift in Sources */ = {isa = PBXBuildFile; fileRef = A79D816A29A67D56001A8CAF /* Logging.swift */; };
		A79D816E29A67DBF001A8CAF /* ListingsService.swift in Sources */ = {isa = PBXBuildFile; fileRef = A79D816D29A67DBF001A8CAF /* ListingsService.swift */; };
		A79D817129A67DD0001A8CAF /* RESTListingsService.swift in Sources */ = {isa = PBXBuildFile; fileRef = A79D817029A67DD0001A8CAF /* RESTListingsService.swift */; };
		A79D817329A67E14001A8CAF /* WebService.swift in Sources */ = {isa = PBXBuildFile; fileRef = A79D817229A67E14001A8CAF /* WebService.swift */; };
		A79D817629A6806C001A8CAF /* Endpoints.swift in Sources */ = {isa = PBXBuildFile; fileRef = A79D817529A6806C001A8CAF /* Endpoints.swift */; };
		A79D817A29A6978D001A8CAF /* ListingViewModel.swift in Sources */ = {isa = PBXBuildFile; fileRef = A79D817929A6978D001A8CAF /* ListingViewModel.swift */; };
		A79D817F29A69DB9001A8CAF /* ListingDetailViewController.swift in Sources */ = {isa = PBXBuildFile; fileRef = A79D817E29A69DB9001A8CAF /* ListingDetailViewController.swift */; };
		A79D819B29A6D7C1001A8CAF /* LICENSE in Resources */ = {isa = PBXBuildFile; fileRef = A79D818129A6D7C1001A8CAF /* LICENSE */; };
		A79D819E29A6D7C1001A8CAF /* UIStackView.swift in Sources */ = {isa = PBXBuildFile; fileRef = A79D818829A6D7C1001A8CAF /* UIStackView.swift */; };
		A79D81A029A6D7C1001A8CAF /* UIView+Layout.swift in Sources */ = {isa = PBXBuildFile; fileRef = A79D818A29A6D7C1001A8CAF /* UIView+Layout.swift */; };
		A79D81A329A6D7C1001A8CAF /* UIView+Stacking.swift in Sources */ = {isa = PBXBuildFile; fileRef = A79D818D29A6D7C1001A8CAF /* UIView+Stacking.swift */; };
		A79D81A829A6D7C1001A8CAF /* AnchoredConstraints.swift in Sources */ = {isa = PBXBuildFile; fileRef = A79D819229A6D7C1001A8CAF /* AnchoredConstraints.swift */; };
		A79D81AE29A6D7C1001A8CAF /* README.md in Resources */ = {isa = PBXBuildFile; fileRef = A79D819A29A6D7C1001A8CAF /* README.md */; };
		A79D81B029A6DE7D001A8CAF /* ImageService.swift in Sources */ = {isa = PBXBuildFile; fileRef = A79D81AF29A6DE7D001A8CAF /* ImageService.swift */; };
		A79D81B229A6F3D8001A8CAF /* ImageConstants.swift in Sources */ = {isa = PBXBuildFile; fileRef = A79D81B129A6F3D8001A8CAF /* ImageConstants.swift */; };
		A79D81B629A7148F001A8CAF /* ListingDetailService.swift in Sources */ = {isa = PBXBuildFile; fileRef = A79D81B529A7148F001A8CAF /* ListingDetailService.swift */; };
		A79D81B829A71532001A8CAF /* Comment.swift in Sources */ = {isa = PBXBuildFile; fileRef = A79D81B729A71532001A8CAF /* Comment.swift */; };
		A79D81BA29A7158D001A8CAF /* RESTListingDetailService.swift in Sources */ = {isa = PBXBuildFile; fileRef = A79D81B929A7158D001A8CAF /* RESTListingDetailService.swift */; };
		A79D81BC29A7A99F001A8CAF /* ListingDetailViewModel.swift in Sources */ = {isa = PBXBuildFile; fileRef = A79D81BB29A7A99F001A8CAF /* ListingDetailViewModel.swift */; };
		A79D81BE29A7AC12001A8CAF /* CommentViewModel.swift in Sources */ = {isa = PBXBuildFile; fileRef = A79D81BD29A7AC12001A8CAF /* CommentViewModel.swift */; };
		A79D81C829A7B079001A8CAF /* CommentCell.swift in Sources */ = {isa = PBXBuildFile; fileRef = A79D81C729A7B079001A8CAF /* CommentCell.swift */; };
		A79D81CC29A80FA7001A8CAF /* String+isValid.swift in Sources */ = {isa = PBXBuildFile; fileRef = A79D81CB29A80FA7001A8CAF /* String+isValid.swift */; };
		A79D81CE29A816D4001A8CAF /* ListCell.swift in Sources */ = {isa = PBXBuildFile; fileRef = A79D81CD29A816D4001A8CAF /* ListCell.swift */; };
		A79D81D029A81730001A8CAF /* ListCellDataProtocol.swift in Sources */ = {isa = PBXBuildFile; fileRef = A79D81CF29A81730001A8CAF /* ListCellDataProtocol.swift */; };
		A79D81D329A81C64001A8CAF /* ListViewController.swift in Sources */ = {isa = PBXBuildFile; fileRef = A79D81D229A81C64001A8CAF /* ListViewController.swift */; };
/* End PBXBuildFile section */

/* Begin PBXFileReference section */
		7AA83E6BF272435E433A07FA /* Pods_RedditListings.framework */ = {isa = PBXFileReference; explicitFileType = wrapper.framework; includeInIndex = 0; path = Pods_RedditListings.framework; sourceTree = BUILT_PRODUCTS_DIR; };
		A7901ECF29A90987003565A0 /* PageService.swift */ = {isa = PBXFileReference; lastKnownFileType = sourcecode.swift; path = PageService.swift; sourceTree = "<group>"; };
		A7901ED129A91169003565A0 /* Item.swift */ = {isa = PBXFileReference; lastKnownFileType = sourcecode.swift; path = Item.swift; sourceTree = "<group>"; };
		A7901ED329A959FC003565A0 /* ListingDetailHeaderCell.swift */ = {isa = PBXFileReference; lastKnownFileType = sourcecode.swift; path = ListingDetailHeaderCell.swift; sourceTree = "<group>"; };
		A79D813329A66FA7001A8CAF /* RedditListings.app */ = {isa = PBXFileReference; explicitFileType = wrapper.application; includeInIndex = 0; path = RedditListings.app; sourceTree = BUILT_PRODUCTS_DIR; };
		A79D813629A66FA7001A8CAF /* AppDelegate.swift */ = {isa = PBXFileReference; lastKnownFileType = sourcecode.swift; path = AppDelegate.swift; sourceTree = "<group>"; };
		A79D813829A66FA7001A8CAF /* SceneDelegate.swift */ = {isa = PBXFileReference; lastKnownFileType = sourcecode.swift; path = SceneDelegate.swift; sourceTree = "<group>"; };
		A79D813F29A66FA9001A8CAF /* Assets.xcassets */ = {isa = PBXFileReference; lastKnownFileType = folder.assetcatalog; path = Assets.xcassets; sourceTree = "<group>"; };
		A79D814229A66FA9001A8CAF /* Base */ = {isa = PBXFileReference; lastKnownFileType = file.storyboard; name = Base; path = Base.lproj/LaunchScreen.storyboard; sourceTree = "<group>"; };
		A79D814429A66FA9001A8CAF /* Info.plist */ = {isa = PBXFileReference; lastKnownFileType = text.plist.xml; path = Info.plist; sourceTree = "<group>"; };
		A79D815229A674F0001A8CAF /* ListingsViewController.swift */ = {isa = PBXFileReference; lastKnownFileType = sourcecode.swift; path = ListingsViewController.swift; sourceTree = "<group>"; };
		A79D815529A67527001A8CAF /* StringConstants.swift */ = {isa = PBXFileReference; lastKnownFileType = sourcecode.swift; path = StringConstants.swift; sourceTree = "<group>"; };
		A79D815829A676AB001A8CAF /* ListingsViewModel.swift */ = {isa = PBXFileReference; lastKnownFileType = sourcecode.swift; path = ListingsViewModel.swift; sourceTree = "<group>"; };
		A79D816029A67A32001A8CAF /* ListingCell.swift */ = {isa = PBXFileReference; lastKnownFileType = sourcecode.swift; path = ListingCell.swift; sourceTree = "<group>"; };
		A79D816229A67A4F001A8CAF /* CellConfiguring.swift */ = {isa = PBXFileReference; lastKnownFileType = sourcecode.swift; path = CellConfiguring.swift; sourceTree = "<group>"; };
		A79D816429A67B3F001A8CAF /* Listing.swift */ = {isa = PBXFileReference; lastKnownFileType = sourcecode.swift; path = Listing.swift; sourceTree = "<group>"; };
		A79D816729A67CD8001A8CAF /* AppConfig.swift */ = {isa = PBXFileReference; lastKnownFileType = sourcecode.swift; path = AppConfig.swift; sourceTree = "<group>"; };
		A79D816A29A67D56001A8CAF /* Logging.swift */ = {isa = PBXFileReference; lastKnownFileType = sourcecode.swift; path = Logging.swift; sourceTree = "<group>"; };
		A79D816D29A67DBF001A8CAF /* ListingsService.swift */ = {isa = PBXFileReference; lastKnownFileType = sourcecode.swift; path = ListingsService.swift; sourceTree = "<group>"; };
		A79D817029A67DD0001A8CAF /* RESTListingsService.swift */ = {isa = PBXFileReference; lastKnownFileType = sourcecode.swift; path = RESTListingsService.swift; sourceTree = "<group>"; };
		A79D817229A67E14001A8CAF /* WebService.swift */ = {isa = PBXFileReference; lastKnownFileType = sourcecode.swift; path = WebService.swift; sourceTree = "<group>"; };
		A79D817529A6806C001A8CAF /* Endpoints.swift */ = {isa = PBXFileReference; lastKnownFileType = sourcecode.swift; path = Endpoints.swift; sourceTree = "<group>"; };
		A79D817929A6978D001A8CAF /* ListingViewModel.swift */ = {isa = PBXFileReference; lastKnownFileType = sourcecode.swift; path = ListingViewModel.swift; sourceTree = "<group>"; };
		A79D817E29A69DB9001A8CAF /* ListingDetailViewController.swift */ = {isa = PBXFileReference; lastKnownFileType = sourcecode.swift; path = ListingDetailViewController.swift; sourceTree = "<group>"; };
		A79D818129A6D7C1001A8CAF /* LICENSE */ = {isa = PBXFileReference; fileEncoding = 4; lastKnownFileType = text; path = LICENSE; sourceTree = "<group>"; };
		A79D818829A6D7C1001A8CAF /* UIStackView.swift */ = {isa = PBXFileReference; fileEncoding = 4; lastKnownFileType = sourcecode.swift; path = UIStackView.swift; sourceTree = "<group>"; };
		A79D818A29A6D7C1001A8CAF /* UIView+Layout.swift */ = {isa = PBXFileReference; fileEncoding = 4; lastKnownFileType = sourcecode.swift; path = "UIView+Layout.swift"; sourceTree = "<group>"; };
		A79D818D29A6D7C1001A8CAF /* UIView+Stacking.swift */ = {isa = PBXFileReference; fileEncoding = 4; lastKnownFileType = sourcecode.swift; path = "UIView+Stacking.swift"; sourceTree = "<group>"; };
		A79D819229A6D7C1001A8CAF /* AnchoredConstraints.swift */ = {isa = PBXFileReference; fileEncoding = 4; lastKnownFileType = sourcecode.swift; path = AnchoredConstraints.swift; sourceTree = "<group>"; };
		A79D819A29A6D7C1001A8CAF /* README.md */ = {isa = PBXFileReference; fileEncoding = 4; lastKnownFileType = net.daringfireball.markdown; path = README.md; sourceTree = "<group>"; };
		A79D81AF29A6DE7D001A8CAF /* ImageService.swift */ = {isa = PBXFileReference; lastKnownFileType = sourcecode.swift; path = ImageService.swift; sourceTree = "<group>"; };
		A79D81B129A6F3D8001A8CAF /* ImageConstants.swift */ = {isa = PBXFileReference; lastKnownFileType = sourcecode.swift; path = ImageConstants.swift; sourceTree = "<group>"; };
		A79D81B529A7148F001A8CAF /* ListingDetailService.swift */ = {isa = PBXFileReference; lastKnownFileType = sourcecode.swift; path = ListingDetailService.swift; sourceTree = "<group>"; };
		A79D81B729A71532001A8CAF /* Comment.swift */ = {isa = PBXFileReference; lastKnownFileType = sourcecode.swift; path = Comment.swift; sourceTree = "<group>"; };
		A79D81B929A7158D001A8CAF /* RESTListingDetailService.swift */ = {isa = PBXFileReference; lastKnownFileType = sourcecode.swift; path = RESTListingDetailService.swift; sourceTree = "<group>"; };
		A79D81BB29A7A99F001A8CAF /* ListingDetailViewModel.swift */ = {isa = PBXFileReference; lastKnownFileType = sourcecode.swift; path = ListingDetailViewModel.swift; sourceTree = "<group>"; };
		A79D81BD29A7AC12001A8CAF /* CommentViewModel.swift */ = {isa = PBXFileReference; lastKnownFileType = sourcecode.swift; path = CommentViewModel.swift; sourceTree = "<group>"; };
		A79D81C729A7B079001A8CAF /* CommentCell.swift */ = {isa = PBXFileReference; lastKnownFileType = sourcecode.swift; path = CommentCell.swift; sourceTree = "<group>"; };
		A79D81CB29A80FA7001A8CAF /* String+isValid.swift */ = {isa = PBXFileReference; lastKnownFileType = sourcecode.swift; path = "String+isValid.swift"; sourceTree = "<group>"; };
		A79D81CD29A816D4001A8CAF /* ListCell.swift */ = {isa = PBXFileReference; lastKnownFileType = sourcecode.swift; path = ListCell.swift; sourceTree = "<group>"; };
		A79D81CF29A81730001A8CAF /* ListCellDataProtocol.swift */ = {isa = PBXFileReference; lastKnownFileType = sourcecode.swift; path = ListCellDataProtocol.swift; sourceTree = "<group>"; };
		A79D81D229A81C64001A8CAF /* ListViewController.swift */ = {isa = PBXFileReference; lastKnownFileType = sourcecode.swift; path = ListViewController.swift; sourceTree = "<group>"; };
		B46D8E42F0AD31F82B04BF19 /* Pods-RedditListings.release.xcconfig */ = {isa = PBXFileReference; includeInIndex = 1; lastKnownFileType = text.xcconfig; name = "Pods-RedditListings.release.xcconfig"; path = "Target Support Files/Pods-RedditListings/Pods-RedditListings.release.xcconfig"; sourceTree = "<group>"; };
		DFFFD4554770B21DEA2761D8 /* Pods-RedditListings.debug.xcconfig */ = {isa = PBXFileReference; includeInIndex = 1; lastKnownFileType = text.xcconfig; name = "Pods-RedditListings.debug.xcconfig"; path = "Target Support Files/Pods-RedditListings/Pods-RedditListings.debug.xcconfig"; sourceTree = "<group>"; };
/* End PBXFileReference section */

/* Begin PBXFrameworksBuildPhase section */
		A79D813029A66FA7001A8CAF /* Frameworks */ = {
			isa = PBXFrameworksBuildPhase;
			buildActionMask = 2147483647;
			files = (
				24FB467865FDDAB0FED553B8 /* Pods_RedditListings.framework in Frameworks */,
			);
			runOnlyForDeploymentPostprocessing = 0;
		};
/* End PBXFrameworksBuildPhase section */

/* Begin PBXGroup section */
		A79D812A29A66FA7001A8CAF = {
			isa = PBXGroup;
			children = (
				A79D813529A66FA7001A8CAF /* RedditListings */,
				A79D813429A66FA7001A8CAF /* Products */,
				AE81D02BB96826AFA239CFA6 /* Pods */,
				DA24ED2A387E4DA2968C0D1B /* Frameworks */,
			);
			sourceTree = "<group>";
		};
		A79D813429A66FA7001A8CAF /* Products */ = {
			isa = PBXGroup;
			children = (
				A79D813329A66FA7001A8CAF /* RedditListings.app */,
			);
			name = Products;
			sourceTree = "<group>";
		};
		A79D813529A66FA7001A8CAF /* RedditListings */ = {
			isa = PBXGroup;
			children = (
				A79D813629A66FA7001A8CAF /* AppDelegate.swift */,
				A79D813829A66FA7001A8CAF /* SceneDelegate.swift */,
				A79D813F29A66FA9001A8CAF /* Assets.xcassets */,
				A79D814129A66FA9001A8CAF /* LaunchScreen.storyboard */,
				A79D816629A67CCE001A8CAF /* Config */,
				A79D814A29A6747A001A8CAF /* Main */,
				A79D815A29A6787E001A8CAF /* Model */,
				A79D81C129A7AD31001A8CAF /* ViewModel */,
				A79D814C29A67487001A8CAF /* Networking */,
				A79D814B29A67482001A8CAF /* Util */,
				A79D814429A66FA9001A8CAF /* Info.plist */,
			);
			path = RedditListings;
			sourceTree = "<group>";
		};
		A79D814A29A6747A001A8CAF /* Main */ = {
			isa = PBXGroup;
			children = (
				A79D814E29A674AC001A8CAF /* ListingDetail */,
				A79D814D29A67490001A8CAF /* Listings */,
			);
			path = Main;
			sourceTree = "<group>";
		};
		A79D814B29A67482001A8CAF /* Util */ = {
			isa = PBXGroup;
			children = (
				A79D81C929A80F97001A8CAF /* Extensions */,
				A79D816929A67D4E001A8CAF /* Logging */,
				A79D815D29A67A04001A8CAF /* UI */,
				A79D815429A6751C001A8CAF /* Constants */,
			);
			path = Util;
			sourceTree = "<group>";
		};
		A79D814C29A67487001A8CAF /* Networking */ = {
			isa = PBXGroup;
			children = (
				A79D817429A6805A001A8CAF /* Reddit */,
				A79D817229A67E14001A8CAF /* WebService.swift */,
				A79D81AF29A6DE7D001A8CAF /* ImageService.swift */,
				A7901ECF29A90987003565A0 /* PageService.swift */,
			);
			path = Networking;
			sourceTree = "<group>";
		};
		A79D814D29A67490001A8CAF /* Listings */ = {
			isa = PBXGroup;
			children = (
				A79D816C29A67DB5001A8CAF /* API */,
				A79D815129A674C6001A8CAF /* ViewController */,
				A79D815029A674C2001A8CAF /* ViewModel */,
				A79D814F29A674BE001A8CAF /* View */,
			);
			path = Listings;
			sourceTree = "<group>";
		};
		A79D814E29A674AC001A8CAF /* ListingDetail */ = {
			isa = PBXGroup;
			children = (
				A79D81B329A71418001A8CAF /* API */,
				A79D817B29A69D74001A8CAF /* ViewController */,
				A79D817D29A69D86001A8CAF /* ViewModel */,
				A79D817C29A69D82001A8CAF /* View */,
			);
			path = ListingDetail;
			sourceTree = "<group>";
		};
		A79D814F29A674BE001A8CAF /* View */ = {
			isa = PBXGroup;
			children = (
				A79D816029A67A32001A8CAF /* ListingCell.swift */,
			);
			path = View;
			sourceTree = "<group>";
		};
		A79D815029A674C2001A8CAF /* ViewModel */ = {
			isa = PBXGroup;
			children = (
				A79D815829A676AB001A8CAF /* ListingsViewModel.swift */,
			);
			path = ViewModel;
			sourceTree = "<group>";
		};
		A79D815129A674C6001A8CAF /* ViewController */ = {
			isa = PBXGroup;
			children = (
				A79D815229A674F0001A8CAF /* ListingsViewController.swift */,
			);
			path = ViewController;
			sourceTree = "<group>";
		};
		A79D815429A6751C001A8CAF /* Constants */ = {
			isa = PBXGroup;
			children = (
				A79D815529A67527001A8CAF /* StringConstants.swift */,
				A79D81B129A6F3D8001A8CAF /* ImageConstants.swift */,
			);
			path = Constants;
			sourceTree = "<group>";
		};
		A79D815A29A6787E001A8CAF /* Model */ = {
			isa = PBXGroup;
			children = (
				A79D816429A67B3F001A8CAF /* Listing.swift */,
				A79D81B729A71532001A8CAF /* Comment.swift */,
				A7901ED129A91169003565A0 /* Item.swift */,
			);
			path = Model;
			sourceTree = "<group>";
		};
		A79D815D29A67A04001A8CAF /* UI */ = {
			isa = PBXGroup;
			children = (
				A79D815E29A67A0A001A8CAF /* CollectionView */,
				A79D818029A6D7C1001A8CAF /* LBTATools */,
			);
			path = UI;
			sourceTree = "<group>";
		};
		A79D815E29A67A0A001A8CAF /* CollectionView */ = {
			isa = PBXGroup;
			children = (
				A79D81D429A82B70001A8CAF /* ViewModel */,
				A79D81D129A81C59001A8CAF /* Controller */,
				A79D815F29A67A0F001A8CAF /* View */,
				A79D816229A67A4F001A8CAF /* CellConfiguring.swift */,
			);
			path = CollectionView;
			sourceTree = "<group>";
		};
		A79D815F29A67A0F001A8CAF /* View */ = {
			isa = PBXGroup;
			children = (
				A79D81CD29A816D4001A8CAF /* ListCell.swift */,
				A79D81CF29A81730001A8CAF /* ListCellDataProtocol.swift */,
			);
			path = View;
			sourceTree = "<group>";
		};
		A79D816629A67CCE001A8CAF /* Config */ = {
			isa = PBXGroup;
			children = (
				A79D816729A67CD8001A8CAF /* AppConfig.swift */,
			);
			path = Config;
			sourceTree = "<group>";
		};
		A79D816929A67D4E001A8CAF /* Logging */ = {
			isa = PBXGroup;
			children = (
				A79D816A29A67D56001A8CAF /* Logging.swift */,
			);
			path = Logging;
			sourceTree = "<group>";
		};
		A79D816C29A67DB5001A8CAF /* API */ = {
			isa = PBXGroup;
			children = (
				A79D816F29A67DC2001A8CAF /* RESTListingsService */,
				A79D816D29A67DBF001A8CAF /* ListingsService.swift */,
			);
			path = API;
			sourceTree = "<group>";
		};
		A79D816F29A67DC2001A8CAF /* RESTListingsService */ = {
			isa = PBXGroup;
			children = (
				A79D817029A67DD0001A8CAF /* RESTListingsService.swift */,
			);
			path = RESTListingsService;
			sourceTree = "<group>";
		};
		A79D817429A6805A001A8CAF /* Reddit */ = {
			isa = PBXGroup;
			children = (
				A79D817529A6806C001A8CAF /* Endpoints.swift */,
			);
			path = Reddit;
			sourceTree = "<group>";
		};
		A79D817B29A69D74001A8CAF /* ViewController */ = {
			isa = PBXGroup;
			children = (
				A79D817E29A69DB9001A8CAF /* ListingDetailViewController.swift */,
			);
			path = ViewController;
			sourceTree = "<group>";
		};
		A79D817C29A69D82001A8CAF /* View */ = {
			isa = PBXGroup;
			children = (
				A79D81C729A7B079001A8CAF /* CommentCell.swift */,
				A7901ED329A959FC003565A0 /* ListingDetailHeaderCell.swift */,
			);
			path = View;
			sourceTree = "<group>";
		};
		A79D817D29A69D86001A8CAF /* ViewModel */ = {
			isa = PBXGroup;
			children = (
				A79D81BB29A7A99F001A8CAF /* ListingDetailViewModel.swift */,
			);
			path = ViewModel;
			sourceTree = "<group>";
		};
		A79D818029A6D7C1001A8CAF /* LBTATools */ = {
			isa = PBXGroup;
			children = (
				A79D818129A6D7C1001A8CAF /* LICENSE */,
				A79D818229A6D7C1001A8CAF /* Source */,
				A79D819A29A6D7C1001A8CAF /* README.md */,
			);
			path = LBTATools;
			sourceTree = "<group>";
		};
		A79D818229A6D7C1001A8CAF /* Source */ = {
			isa = PBXGroup;
			children = (
				A79D818729A6D7C1001A8CAF /* Extensions */,
				A79D819229A6D7C1001A8CAF /* AnchoredConstraints.swift */,
			);
			path = Source;
			sourceTree = "<group>";
		};
		A79D818729A6D7C1001A8CAF /* Extensions */ = {
			isa = PBXGroup;
			children = (
				A79D818829A6D7C1001A8CAF /* UIStackView.swift */,
				A79D818A29A6D7C1001A8CAF /* UIView+Layout.swift */,
				A79D818D29A6D7C1001A8CAF /* UIView+Stacking.swift */,
			);
			path = Extensions;
			sourceTree = "<group>";
		};
		A79D81B329A71418001A8CAF /* API */ = {
			isa = PBXGroup;
			children = (
				A79D81B429A71422001A8CAF /* RESTListingDetailService */,
				A79D81B529A7148F001A8CAF /* ListingDetailService.swift */,
			);
			path = API;
			sourceTree = "<group>";
		};
		A79D81B429A71422001A8CAF /* RESTListingDetailService */ = {
			isa = PBXGroup;
			children = (
				A79D81B929A7158D001A8CAF /* RESTListingDetailService.swift */,
			);
			path = RESTListingDetailService;
			sourceTree = "<group>";
		};
		A79D81C129A7AD31001A8CAF /* ViewModel */ = {
			isa = PBXGroup;
			children = (
				A79D81BD29A7AC12001A8CAF /* CommentViewModel.swift */,
				A79D817929A6978D001A8CAF /* ListingViewModel.swift */,
			);
			path = ViewModel;
			sourceTree = "<group>";
		};
		A79D81C929A80F97001A8CAF /* Extensions */ = {
			isa = PBXGroup;
			children = (
				A79D81CA29A80F9D001A8CAF /* String */,
			);
			path = Extensions;
			sourceTree = "<group>";
		};
		A79D81CA29A80F9D001A8CAF /* String */ = {
			isa = PBXGroup;
			children = (
				A79D81CB29A80FA7001A8CAF /* String+isValid.swift */,
			);
			path = String;
			sourceTree = "<group>";
		};
		A79D81D129A81C59001A8CAF /* Controller */ = {
			isa = PBXGroup;
			children = (
				A79D81D229A81C64001A8CAF /* ListViewController.swift */,
			);
			path = Controller;
			sourceTree = "<group>";
		};
		A79D81D429A82B70001A8CAF /* ViewModel */ = {
			isa = PBXGroup;
			children = (
			);
			path = ViewModel;
			sourceTree = "<group>";
		};
		AE81D02BB96826AFA239CFA6 /* Pods */ = {
			isa = PBXGroup;
			children = (
				DFFFD4554770B21DEA2761D8 /* Pods-RedditListings.debug.xcconfig */,
				B46D8E42F0AD31F82B04BF19 /* Pods-RedditListings.release.xcconfig */,
			);
			path = Pods;
			sourceTree = "<group>";
		};
		DA24ED2A387E4DA2968C0D1B /* Frameworks */ = {
			isa = PBXGroup;
			children = (
				7AA83E6BF272435E433A07FA /* Pods_RedditListings.framework */,
			);
			name = Frameworks;
			sourceTree = "<group>";
		};
/* End PBXGroup section */

/* Begin PBXNativeTarget section */
		A79D813229A66FA7001A8CAF /* RedditListings */ = {
			isa = PBXNativeTarget;
			buildConfigurationList = A79D814729A66FA9001A8CAF /* Build configuration list for PBXNativeTarget "RedditListings" */;
			buildPhases = (
				621F96DD543F2B5A910C2CBC /* [CP] Check Pods Manifest.lock */,
				A79D812F29A66FA7001A8CAF /* Sources */,
				A79D813029A66FA7001A8CAF /* Frameworks */,
				A79D813129A66FA7001A8CAF /* Resources */,
			);
			buildRules = (
			);
			dependencies = (
			);
			name = RedditListings;
			productName = RedditListings;
			productReference = A79D813329A66FA7001A8CAF /* RedditListings.app */;
			productType = "com.apple.product-type.application";
		};
/* End PBXNativeTarget section */

/* Begin PBXProject section */
		A79D812B29A66FA7001A8CAF /* Project object */ = {
			isa = PBXProject;
			attributes = {
				BuildIndependentTargetsInParallel = 1;
				LastSwiftUpdateCheck = 1410;
				LastUpgradeCheck = 1410;
				TargetAttributes = {
					A79D813229A66FA7001A8CAF = {
						CreatedOnToolsVersion = 14.1;
					};
				};
			};
			buildConfigurationList = A79D812E29A66FA7001A8CAF /* Build configuration list for PBXProject "RedditListings" */;
			compatibilityVersion = "Xcode 14.0";
			developmentRegion = en;
			hasScannedForEncodings = 0;
			knownRegions = (
				en,
				Base,
			);
			mainGroup = A79D812A29A66FA7001A8CAF;
			productRefGroup = A79D813429A66FA7001A8CAF /* Products */;
			projectDirPath = "";
			projectRoot = "";
			targets = (
				A79D813229A66FA7001A8CAF /* RedditListings */,
			);
		};
/* End PBXProject section */

/* Begin PBXResourcesBuildPhase section */
		A79D813129A66FA7001A8CAF /* Resources */ = {
			isa = PBXResourcesBuildPhase;
			buildActionMask = 2147483647;
			files = (
				A79D819B29A6D7C1001A8CAF /* LICENSE in Resources */,
				A79D814329A66FA9001A8CAF /* LaunchScreen.storyboard in Resources */,
				A79D81AE29A6D7C1001A8CAF /* README.md in Resources */,
				A79D814029A66FA9001A8CAF /* Assets.xcassets in Resources */,
			);
			runOnlyForDeploymentPostprocessing = 0;
		};
/* End PBXResourcesBuildPhase section */

/* Begin PBXShellScriptBuildPhase section */
		621F96DD543F2B5A910C2CBC /* [CP] Check Pods Manifest.lock */ = {
			isa = PBXShellScriptBuildPhase;
			buildActionMask = 2147483647;
			files = (
			);
			inputFileListPaths = (
			);
			inputPaths = (
				"${PODS_PODFILE_DIR_PATH}/Podfile.lock",
				"${PODS_ROOT}/Manifest.lock",
			);
			name = "[CP] Check Pods Manifest.lock";
			outputFileListPaths = (
			);
			outputPaths = (
				"$(DERIVED_FILE_DIR)/Pods-RedditListings-checkManifestLockResult.txt",
			);
			runOnlyForDeploymentPostprocessing = 0;
			shellPath = /bin/sh;
			shellScript = "diff \"${PODS_PODFILE_DIR_PATH}/Podfile.lock\" \"${PODS_ROOT}/Manifest.lock\" > /dev/null\nif [ $? != 0 ] ; then\n    # print error to STDERR\n    echo \"error: The sandbox is not in sync with the Podfile.lock. Run 'pod install' or update your CocoaPods installation.\" >&2\n    exit 1\nfi\n# This output is used by Xcode 'outputs' to avoid re-running this script phase.\necho \"SUCCESS\" > \"${SCRIPT_OUTPUT_FILE_0}\"\n";
			showEnvVarsInLog = 0;
		};
/* End PBXShellScriptBuildPhase section */

/* Begin PBXSourcesBuildPhase section */
		A79D812F29A66FA7001A8CAF /* Sources */ = {
			isa = PBXSourcesBuildPhase;
			buildActionMask = 2147483647;
			files = (
				A79D815929A676AB001A8CAF /* ListingsViewModel.swift in Sources */,
				A79D81C829A7B079001A8CAF /* CommentCell.swift in Sources */,
				A7901ED229A91169003565A0 /* Item.swift in Sources */,
				A79D81BA29A7158D001A8CAF /* RESTListingDetailService.swift in Sources */,
				A79D817629A6806C001A8CAF /* Endpoints.swift in Sources */,
				A79D81D329A81C64001A8CAF /* ListViewController.swift in Sources */,
				A79D81D029A81730001A8CAF /* ListCellDataProtocol.swift in Sources */,
				A7901ED429A959FC003565A0 /* ListingDetailHeaderCell.swift in Sources */,
				A79D81B629A7148F001A8CAF /* ListingDetailService.swift in Sources */,
				A79D816829A67CD8001A8CAF /* AppConfig.swift in Sources */,
				A79D817329A67E14001A8CAF /* WebService.swift in Sources */,
				A79D816E29A67DBF001A8CAF /* ListingsService.swift in Sources */,
				A79D81B229A6F3D8001A8CAF /* ImageConstants.swift in Sources */,
				A79D817F29A69DB9001A8CAF /* ListingDetailViewController.swift in Sources */,
				A79D81A829A6D7C1001A8CAF /* AnchoredConstraints.swift in Sources */,
				A79D816529A67B3F001A8CAF /* Listing.swift in Sources */,
				A79D816B29A67D56001A8CAF /* Logging.swift in Sources */,
				A79D817129A67DD0001A8CAF /* RESTListingsService.swift in Sources */,
				A79D81A329A6D7C1001A8CAF /* UIView+Stacking.swift in Sources */,
				A79D81A029A6D7C1001A8CAF /* UIView+Layout.swift in Sources */,
				A79D81CE29A816D4001A8CAF /* ListCell.swift in Sources */,
				A79D815629A67527001A8CAF /* StringConstants.swift in Sources */,
				A79D816129A67A32001A8CAF /* ListingCell.swift in Sources */,
				A79D816329A67A4F001A8CAF /* CellConfiguring.swift in Sources */,
				A79D817A29A6978D001A8CAF /* ListingViewModel.swift in Sources */,
				A79D819E29A6D7C1001A8CAF /* UIStackView.swift in Sources */,
				A79D813729A66FA7001A8CAF /* AppDelegate.swift in Sources */,
				A79D81B029A6DE7D001A8CAF /* ImageService.swift in Sources */,
				A79D81CC29A80FA7001A8CAF /* String+isValid.swift in Sources */,
				A79D81B829A71532001A8CAF /* Comment.swift in Sources */,
				A7901ED029A90987003565A0 /* PageService.swift in Sources */,
				A79D813929A66FA7001A8CAF /* SceneDelegate.swift in Sources */,
				A79D81BE29A7AC12001A8CAF /* CommentViewModel.swift in Sources */,
				A79D815329A674F0001A8CAF /* ListingsViewController.swift in Sources */,
				A79D81BC29A7A99F001A8CAF /* ListingDetailViewModel.swift in Sources */,
			);
			runOnlyForDeploymentPostprocessing = 0;
		};
/* End PBXSourcesBuildPhase section */

/* Begin PBXVariantGroup section */
		A79D814129A66FA9001A8CAF /* LaunchScreen.storyboard */ = {
			isa = PBXVariantGroup;
			children = (
				A79D814229A66FA9001A8CAF /* Base */,
			);
			name = LaunchScreen.storyboard;
			sourceTree = "<group>";
		};
/* End PBXVariantGroup section */

/* Begin XCBuildConfiguration section */
		A79D814529A66FA9001A8CAF /* Debug */ = {
			isa = XCBuildConfiguration;
			buildSettings = {
				ALWAYS_SEARCH_USER_PATHS = NO;
				CLANG_ANALYZER_NONNULL = YES;
				CLANG_ANALYZER_NUMBER_OBJECT_CONVERSION = YES_AGGRESSIVE;
				CLANG_CXX_LANGUAGE_STANDARD = "gnu++20";
				CLANG_ENABLE_MODULES = YES;
				CLANG_ENABLE_OBJC_ARC = YES;
				CLANG_ENABLE_OBJC_WEAK = YES;
				CLANG_WARN_BLOCK_CAPTURE_AUTORELEASING = YES;
				CLANG_WARN_BOOL_CONVERSION = YES;
				CLANG_WARN_COMMA = YES;
				CLANG_WARN_CONSTANT_CONVERSION = YES;
				CLANG_WARN_DEPRECATED_OBJC_IMPLEMENTATIONS = YES;
				CLANG_WARN_DIRECT_OBJC_ISA_USAGE = YES_ERROR;
				CLANG_WARN_DOCUMENTATION_COMMENTS = YES;
				CLANG_WARN_EMPTY_BODY = YES;
				CLANG_WARN_ENUM_CONVERSION = YES;
				CLANG_WARN_INFINITE_RECURSION = YES;
				CLANG_WARN_INT_CONVERSION = YES;
				CLANG_WARN_NON_LITERAL_NULL_CONVERSION = YES;
				CLANG_WARN_OBJC_IMPLICIT_RETAIN_SELF = YES;
				CLANG_WARN_OBJC_LITERAL_CONVERSION = YES;
				CLANG_WARN_OBJC_ROOT_CLASS = YES_ERROR;
				CLANG_WARN_QUOTED_INCLUDE_IN_FRAMEWORK_HEADER = YES;
				CLANG_WARN_RANGE_LOOP_ANALYSIS = YES;
				CLANG_WARN_STRICT_PROTOTYPES = YES;
				CLANG_WARN_SUSPICIOUS_MOVE = YES;
				CLANG_WARN_UNGUARDED_AVAILABILITY = YES_AGGRESSIVE;
				CLANG_WARN_UNREACHABLE_CODE = YES;
				CLANG_WARN__DUPLICATE_METHOD_MATCH = YES;
				COPY_PHASE_STRIP = NO;
				DEBUG_INFORMATION_FORMAT = dwarf;
				ENABLE_STRICT_OBJC_MSGSEND = YES;
				ENABLE_TESTABILITY = YES;
				GCC_C_LANGUAGE_STANDARD = gnu11;
				GCC_DYNAMIC_NO_PIC = NO;
				GCC_NO_COMMON_BLOCKS = YES;
				GCC_OPTIMIZATION_LEVEL = 0;
				GCC_PREPROCESSOR_DEFINITIONS = (
					"DEBUG=1",
					"$(inherited)",
				);
				GCC_WARN_64_TO_32_BIT_CONVERSION = YES;
				GCC_WARN_ABOUT_RETURN_TYPE = YES_ERROR;
				GCC_WARN_UNDECLARED_SELECTOR = YES;
				GCC_WARN_UNINITIALIZED_AUTOS = YES_AGGRESSIVE;
				GCC_WARN_UNUSED_FUNCTION = YES;
				GCC_WARN_UNUSED_VARIABLE = YES;
				IPHONEOS_DEPLOYMENT_TARGET = 16.1;
				MTL_ENABLE_DEBUG_INFO = INCLUDE_SOURCE;
				MTL_FAST_MATH = YES;
				ONLY_ACTIVE_ARCH = YES;
				SDKROOT = iphoneos;
				SWIFT_ACTIVE_COMPILATION_CONDITIONS = DEBUG;
				SWIFT_OPTIMIZATION_LEVEL = "-Onone";
			};
			name = Debug;
		};
		A79D814629A66FA9001A8CAF /* Release */ = {
			isa = XCBuildConfiguration;
			buildSettings = {
				ALWAYS_SEARCH_USER_PATHS = NO;
				CLANG_ANALYZER_NONNULL = YES;
				CLANG_ANALYZER_NUMBER_OBJECT_CONVERSION = YES_AGGRESSIVE;
				CLANG_CXX_LANGUAGE_STANDARD = "gnu++20";
				CLANG_ENABLE_MODULES = YES;
				CLANG_ENABLE_OBJC_ARC = YES;
				CLANG_ENABLE_OBJC_WEAK = YES;
				CLANG_WARN_BLOCK_CAPTURE_AUTORELEASING = YES;
				CLANG_WARN_BOOL_CONVERSION = YES;
				CLANG_WARN_COMMA = YES;
				CLANG_WARN_CONSTANT_CONVERSION = YES;
				CLANG_WARN_DEPRECATED_OBJC_IMPLEMENTATIONS = YES;
				CLANG_WARN_DIRECT_OBJC_ISA_USAGE = YES_ERROR;
				CLANG_WARN_DOCUMENTATION_COMMENTS = YES;
				CLANG_WARN_EMPTY_BODY = YES;
				CLANG_WARN_ENUM_CONVERSION = YES;
				CLANG_WARN_INFINITE_RECURSION = YES;
				CLANG_WARN_INT_CONVERSION = YES;
				CLANG_WARN_NON_LITERAL_NULL_CONVERSION = YES;
				CLANG_WARN_OBJC_IMPLICIT_RETAIN_SELF = YES;
				CLANG_WARN_OBJC_LITERAL_CONVERSION = YES;
				CLANG_WARN_OBJC_ROOT_CLASS = YES_ERROR;
				CLANG_WARN_QUOTED_INCLUDE_IN_FRAMEWORK_HEADER = YES;
				CLANG_WARN_RANGE_LOOP_ANALYSIS = YES;
				CLANG_WARN_STRICT_PROTOTYPES = YES;
				CLANG_WARN_SUSPICIOUS_MOVE = YES;
				CLANG_WARN_UNGUARDED_AVAILABILITY = YES_AGGRESSIVE;
				CLANG_WARN_UNREACHABLE_CODE = YES;
				CLANG_WARN__DUPLICATE_METHOD_MATCH = YES;
				COPY_PHASE_STRIP = NO;
				DEBUG_INFORMATION_FORMAT = "dwarf-with-dsym";
				ENABLE_NS_ASSERTIONS = NO;
				ENABLE_STRICT_OBJC_MSGSEND = YES;
				GCC_C_LANGUAGE_STANDARD = gnu11;
				GCC_NO_COMMON_BLOCKS = YES;
				GCC_WARN_64_TO_32_BIT_CONVERSION = YES;
				GCC_WARN_ABOUT_RETURN_TYPE = YES_ERROR;
				GCC_WARN_UNDECLARED_SELECTOR = YES;
				GCC_WARN_UNINITIALIZED_AUTOS = YES_AGGRESSIVE;
				GCC_WARN_UNUSED_FUNCTION = YES;
				GCC_WARN_UNUSED_VARIABLE = YES;
				IPHONEOS_DEPLOYMENT_TARGET = 16.1;
				MTL_ENABLE_DEBUG_INFO = NO;
				MTL_FAST_MATH = YES;
				SDKROOT = iphoneos;
				SWIFT_COMPILATION_MODE = wholemodule;
				SWIFT_OPTIMIZATION_LEVEL = "-O";
				VALIDATE_PRODUCT = YES;
			};
			name = Release;
		};
		A79D814829A66FA9001A8CAF /* Debug */ = {
			isa = XCBuildConfiguration;
			baseConfigurationReference = DFFFD4554770B21DEA2761D8 /* Pods-RedditListings.debug.xcconfig */;
			buildSettings = {
				ASSETCATALOG_COMPILER_APPICON_NAME = AppIcon;
				ASSETCATALOG_COMPILER_GLOBAL_ACCENT_COLOR_NAME = AccentColor;
				CODE_SIGN_STYLE = Automatic;
				CURRENT_PROJECT_VERSION = 1;
				DEVELOPMENT_TEAM = K4X9356WT8;
				GENERATE_INFOPLIST_FILE = YES;
				INFOPLIST_FILE = RedditListings/Info.plist;
				INFOPLIST_KEY_UIApplicationSupportsIndirectInputEvents = YES;
				INFOPLIST_KEY_UILaunchStoryboardName = LaunchScreen;
				INFOPLIST_KEY_UISupportedInterfaceOrientations_iPad = "UIInterfaceOrientationPortrait UIInterfaceOrientationPortraitUpsideDown UIInterfaceOrientationLandscapeLeft UIInterfaceOrientationLandscapeRight";
				INFOPLIST_KEY_UISupportedInterfaceOrientations_iPhone = "UIInterfaceOrientationPortrait UIInterfaceOrientationLandscapeLeft UIInterfaceOrientationLandscapeRight";
				LD_RUNPATH_SEARCH_PATHS = (
					"$(inherited)",
					"@executable_path/Frameworks",
				);
				MARKETING_VERSION = 1.0;
				PRODUCT_BUNDLE_IDENTIFIER = com.tests.RedditListings;
				PRODUCT_NAME = "$(TARGET_NAME)";
				SWIFT_EMIT_LOC_STRINGS = YES;
				SWIFT_VERSION = 5.0;
				TARGETED_DEVICE_FAMILY = "1,2";
			};
			name = Debug;
		};
		A79D814929A66FA9001A8CAF /* Release */ = {
			isa = XCBuildConfiguration;
			baseConfigurationReference = B46D8E42F0AD31F82B04BF19 /* Pods-RedditListings.release.xcconfig */;
			buildSettings = {
				ASSETCATALOG_COMPILER_APPICON_NAME = AppIcon;
				ASSETCATALOG_COMPILER_GLOBAL_ACCENT_COLOR_NAME = AccentColor;
				CODE_SIGN_STYLE = Automatic;
				CURRENT_PROJECT_VERSION = 1;
				DEVELOPMENT_TEAM = K4X9356WT8;
				GENERATE_INFOPLIST_FILE = YES;
				INFOPLIST_FILE = RedditListings/Info.plist;
				INFOPLIST_KEY_UIApplicationSupportsIndirectInputEvents = YES;
				INFOPLIST_KEY_UILaunchStoryboardName = LaunchScreen;
				INFOPLIST_KEY_UISupportedInterfaceOrientations_iPad = "UIInterfaceOrientationPortrait UIInterfaceOrientationPortraitUpsideDown UIInterfaceOrientationLandscapeLeft UIInterfaceOrientationLandscapeRight";
				INFOPLIST_KEY_UISupportedInterfaceOrientations_iPhone = "UIInterfaceOrientationPortrait UIInterfaceOrientationLandscapeLeft UIInterfaceOrientationLandscapeRight";
				LD_RUNPATH_SEARCH_PATHS = (
					"$(inherited)",
					"@executable_path/Frameworks",
				);
				MARKETING_VERSION = 1.0;
				PRODUCT_BUNDLE_IDENTIFIER = com.tests.RedditListings;
				PRODUCT_NAME = "$(TARGET_NAME)";
				SWIFT_EMIT_LOC_STRINGS = YES;
				SWIFT_VERSION = 5.0;
				TARGETED_DEVICE_FAMILY = "1,2";
			};
			name = Release;
		};
/* End XCBuildConfiguration section */

/* Begin XCConfigurationList section */
		A79D812E29A66FA7001A8CAF /* Build configuration list for PBXProject "RedditListings" */ = {
			isa = XCConfigurationList;
			buildConfigurations = (
				A79D814529A66FA9001A8CAF /* Debug */,
				A79D814629A66FA9001A8CAF /* Release */,
			);
			defaultConfigurationIsVisible = 0;
			defaultConfigurationName = Release;
		};
		A79D814729A66FA9001A8CAF /* Build configuration list for PBXNativeTarget "RedditListings" */ = {
			isa = XCConfigurationList;
			buildConfigurations = (
				A79D814829A66FA9001A8CAF /* Debug */,
				A79D814929A66FA9001A8CAF /* Release */,
			);
			defaultConfigurationIsVisible = 0;
			defaultConfigurationName = Release;
		};
/* End XCConfigurationList section */
	};
	rootObject = A79D812B29A66FA7001A8CAF /* Project object */;
}
